
Microsoft Visual Studio Solution File, Format Version 12.00
# Visual Studio Version 16
VisualStudioVersion = 16.0.30523.141
MinimumVisualStudioVersion = 10.0.40219.1
Project("{D954291E-2A0B-460D-934E-DC6B0785DB48}") = "PYTC.Shared", "PYTC\PYTC.Shared\PYTC.Shared.shproj", "{6279C845-92F8-4333-AB99-3D213163593C}"
EndProject
Project("{FAE04EC0-301F-11D3-BF4B-00C04F79EFBC}") = "PYTC.Droid", "PYTC\PYTC.Droid\PYTC.Droid.csproj", "{1494FE86-7AE5-40A9-B51E-BB3CA3C3D847}"
EndProject
Project("{FAE04EC0-301F-11D3-BF4B-00C04F79EFBC}") = "PYTC.iOS", "PYTC\PYTC.iOS\PYTC.iOS.csproj", "{357C64AC-1E35-4691-823D-CCDBB7534FEE}"
EndProject
Project("{FAE04EC0-301F-11D3-BF4B-00C04F79EFBC}") = "PYTC.UWP", "PYTC\PYTC.UWP\PYTC.UWP.csproj", "{23C2F389-B1A6-4F75-B5FE-6C4FAB5894F7}"
EndProject
Project("{9A19103F-16F7-4668-BE54-9A1E7A4F7556}") = "PYTC.Wasm", "PYTC\PYTC.Wasm\PYTC.Wasm.csproj", "{5DDF9C3A-DE47-4A0C-AB59-D9C7C4A815D5}"
EndProject
Project("{FAE04EC0-301F-11D3-BF4B-00C04F79EFBC}") = "PYTC.macOS", "PYTC\PYTC.macOS\PYTC.macOS.csproj", "{74FD8266-6542-4DF1-84B3-4049CCA2A513}"
EndProject
Global
	GlobalSection(SharedMSBuildProjectFiles) = preSolution
		PYTC\PYTC.Shared\PYTC.Shared.projitems*{1494fe86-7ae5-40a9-b51e-bb3ca3c3d847}*SharedItemsImports = 4
		PYTC\PYTC.Shared\PYTC.Shared.projitems*{23c2f389-b1a6-4f75-b5fe-6c4fab5894f7}*SharedItemsImports = 4
		PYTC\PYTC.Shared\PYTC.Shared.projitems*{357c64ac-1e35-4691-823d-ccdbb7534fee}*SharedItemsImports = 4
		PYTC\PYTC.Shared\PYTC.Shared.projitems*{5ddf9c3a-de47-4a0c-ab59-d9c7c4a815d5}*SharedItemsImports = 5
		PYTC\PYTC.Shared\PYTC.Shared.projitems*{6279c845-92f8-4333-ab99-3d213163593c}*SharedItemsImports = 13
		PYTC\PYTC.Shared\PYTC.Shared.projitems*{74fd8266-6542-4df1-84b3-4049cca2a513}*SharedItemsImports = 4
	EndGlobalSection
	GlobalSection(SolutionConfigurationPlatforms) = preSolution
		Ad-Hoc|Any CPU = Ad-Hoc|Any CPU
		Ad-Hoc|ARM = Ad-Hoc|ARM
		Ad-Hoc|ARM64 = Ad-Hoc|ARM64
		Ad-Hoc|iPhone = Ad-Hoc|iPhone
		Ad-Hoc|iPhoneSimulator = Ad-Hoc|iPhoneSimulator
		Ad-Hoc|x64 = Ad-Hoc|x64
		Ad-Hoc|x86 = Ad-Hoc|x86
		AppStore|Any CPU = AppStore|Any CPU
		AppStore|ARM = AppStore|ARM
		AppStore|ARM64 = AppStore|ARM64
		AppStore|iPhone = AppStore|iPhone
		AppStore|iPhoneSimulator = AppStore|iPhoneSimulator
		AppStore|x64 = AppStore|x64
		AppStore|x86 = AppStore|x86
		Debug|Any CPU = Debug|Any CPU
		Debug|ARM = Debug|ARM
		Debug|ARM64 = Debug|ARM64
		Debug|iPhone = Debug|iPhone
		Debug|iPhoneSimulator = Debug|iPhoneSimulator
		Debug|x64 = Debug|x64
		Debug|x86 = Debug|x86
		Release|Any CPU = Release|Any CPU
		Release|ARM = Release|ARM
		Release|ARM64 = Release|ARM64
		Release|iPhone = Release|iPhone
		Release|iPhoneSimulator = Release|iPhoneSimulator
		Release|x64 = Release|x64
		Release|x86 = Release|x86
	EndGlobalSection
	GlobalSection(ProjectConfigurationPlatforms) = postSolution
		{1494FE86-7AE5-40A9-B51E-BB3CA3C3D847}.Ad-Hoc|Any CPU.ActiveCfg = Debug|Any CPU
		{1494FE86-7AE5-40A9-B51E-BB3CA3C3D847}.Ad-Hoc|Any CPU.Build.0 = Debug|Any CPU
		{1494FE86-7AE5-40A9-B51E-BB3CA3C3D847}.Ad-Hoc|Any CPU.Deploy.0 = Debug|Any CPU
		{1494FE86-7AE5-40A9-B51E-BB3CA3C3D847}.Ad-Hoc|ARM.ActiveCfg = Debug|Any CPU
		{1494FE86-7AE5-40A9-B51E-BB3CA3C3D847}.Ad-Hoc|ARM.Build.0 = Debug|Any CPU
		{1494FE86-7AE5-40A9-B51E-BB3CA3C3D847}.Ad-Hoc|ARM.Deploy.0 = Debug|Any CPU
		{1494FE86-7AE5-40A9-B51E-BB3CA3C3D847}.Ad-Hoc|ARM64.ActiveCfg = Debug|Any CPU
		{1494FE86-7AE5-40A9-B51E-BB3CA3C3D847}.Ad-Hoc|ARM64.Build.0 = Debug|Any CPU
		{1494FE86-7AE5-40A9-B51E-BB3CA3C3D847}.Ad-Hoc|ARM64.Deploy.0 = Debug|Any CPU
		{1494FE86-7AE5-40A9-B51E-BB3CA3C3D847}.Ad-Hoc|iPhone.ActiveCfg = Debug|Any CPU
		{1494FE86-7AE5-40A9-B51E-BB3CA3C3D847}.Ad-Hoc|iPhone.Build.0 = Debug|Any CPU
		{1494FE86-7AE5-40A9-B51E-BB3CA3C3D847}.Ad-Hoc|iPhone.Deploy.0 = Debug|Any CPU
		{1494FE86-7AE5-40A9-B51E-BB3CA3C3D847}.Ad-Hoc|iPhoneSimulator.ActiveCfg = Debug|Any CPU
		{1494FE86-7AE5-40A9-B51E-BB3CA3C3D847}.Ad-Hoc|iPhoneSimulator.Build.0 = Debug|Any CPU
		{1494FE86-7AE5-40A9-B51E-BB3CA3C3D847}.Ad-Hoc|iPhoneSimulator.Deploy.0 = Debug|Any CPU
		{1494FE86-7AE5-40A9-B51E-BB3CA3C3D847}.Ad-Hoc|x64.ActiveCfg = Debug|Any CPU
		{1494FE86-7AE5-40A9-B51E-BB3CA3C3D847}.Ad-Hoc|x64.Build.0 = Debug|Any CPU
		{1494FE86-7AE5-40A9-B51E-BB3CA3C3D847}.Ad-Hoc|x64.Deploy.0 = Debug|Any CPU
		{1494FE86-7AE5-40A9-B51E-BB3CA3C3D847}.Ad-Hoc|x86.ActiveCfg = Debug|Any CPU
		{1494FE86-7AE5-40A9-B51E-BB3CA3C3D847}.Ad-Hoc|x86.Build.0 = Debug|Any CPU
		{1494FE86-7AE5-40A9-B51E-BB3CA3C3D847}.Ad-Hoc|x86.Deploy.0 = Debug|Any CPU
		{1494FE86-7AE5-40A9-B51E-BB3CA3C3D847}.AppStore|Any CPU.ActiveCfg = Debug|Any CPU
		{1494FE86-7AE5-40A9-B51E-BB3CA3C3D847}.AppStore|Any CPU.Build.0 = Debug|Any CPU
		{1494FE86-7AE5-40A9-B51E-BB3CA3C3D847}.AppStore|Any CPU.Deploy.0 = Debug|Any CPU
		{1494FE86-7AE5-40A9-B51E-BB3CA3C3D847}.AppStore|ARM.ActiveCfg = Debug|Any CPU
		{1494FE86-7AE5-40A9-B51E-BB3CA3C3D847}.AppStore|ARM.Build.0 = Debug|Any CPU
		{1494FE86-7AE5-40A9-B51E-BB3CA3C3D847}.AppStore|ARM.Deploy.0 = Debug|Any CPU
		{1494FE86-7AE5-40A9-B51E-BB3CA3C3D847}.AppStore|ARM64.ActiveCfg = Debug|Any CPU
		{1494FE86-7AE5-40A9-B51E-BB3CA3C3D847}.AppStore|ARM64.Build.0 = Debug|Any CPU
		{1494FE86-7AE5-40A9-B51E-BB3CA3C3D847}.AppStore|ARM64.Deploy.0 = Debug|Any CPU
		{1494FE86-7AE5-40A9-B51E-BB3CA3C3D847}.AppStore|iPhone.ActiveCfg = Debug|Any CPU
		{1494FE86-7AE5-40A9-B51E-BB3CA3C3D847}.AppStore|iPhone.Build.0 = Debug|Any CPU
		{1494FE86-7AE5-40A9-B51E-BB3CA3C3D847}.AppStore|iPhone.Deploy.0 = Debug|Any CPU
		{1494FE86-7AE5-40A9-B51E-BB3CA3C3D847}.AppStore|iPhoneSimulator.ActiveCfg = Debug|Any CPU
		{1494FE86-7AE5-40A9-B51E-BB3CA3C3D847}.AppStore|iPhoneSimulator.Build.0 = Debug|Any CPU
		{1494FE86-7AE5-40A9-B51E-BB3CA3C3D847}.AppStore|iPhoneSimulator.Deploy.0 = Debug|Any CPU
		{1494FE86-7AE5-40A9-B51E-BB3CA3C3D847}.AppStore|x64.ActiveCfg = Debug|Any CPU
		{1494FE86-7AE5-40A9-B51E-BB3CA3C3D847}.AppStore|x64.Build.0 = Debug|Any CPU
		{1494FE86-7AE5-40A9-B51E-BB3CA3C3D847}.AppStore|x64.Deploy.0 = Debug|Any CPU
		{1494FE86-7AE5-40A9-B51E-BB3CA3C3D847}.AppStore|x86.ActiveCfg = Debug|Any CPU
		{1494FE86-7AE5-40A9-B51E-BB3CA3C3D847}.AppStore|x86.Build.0 = Debug|Any CPU
		{1494FE86-7AE5-40A9-B51E-BB3CA3C3D847}.AppStore|x86.Deploy.0 = Debug|Any CPU
		{1494FE86-7AE5-40A9-B51E-BB3CA3C3D847}.Debug|Any CPU.ActiveCfg = Debug|Any CPU
		{1494FE86-7AE5-40A9-B51E-BB3CA3C3D847}.Debug|Any CPU.Build.0 = Debug|Any CPU
		{1494FE86-7AE5-40A9-B51E-BB3CA3C3D847}.Debug|Any CPU.Deploy.0 = Debug|Any CPU
		{1494FE86-7AE5-40A9-B51E-BB3CA3C3D847}.Debug|ARM.ActiveCfg = Debug|Any CPU
		{1494FE86-7AE5-40A9-B51E-BB3CA3C3D847}.Debug|ARM.Build.0 = Debug|Any CPU
		{1494FE86-7AE5-40A9-B51E-BB3CA3C3D847}.Debug|ARM.Deploy.0 = Debug|Any CPU
		{1494FE86-7AE5-40A9-B51E-BB3CA3C3D847}.Debug|ARM64.ActiveCfg = Debug|Any CPU
		{1494FE86-7AE5-40A9-B51E-BB3CA3C3D847}.Debug|ARM64.Build.0 = Debug|Any CPU
		{1494FE86-7AE5-40A9-B51E-BB3CA3C3D847}.Debug|ARM64.Deploy.0 = Debug|Any CPU
		{1494FE86-7AE5-40A9-B51E-BB3CA3C3D847}.Debug|iPhone.ActiveCfg = Debug|Any CPU
		{1494FE86-7AE5-40A9-B51E-BB3CA3C3D847}.Debug|iPhone.Build.0 = Debug|Any CPU
		{1494FE86-7AE5-40A9-B51E-BB3CA3C3D847}.Debug|iPhone.Deploy.0 = Debug|Any CPU
		{1494FE86-7AE5-40A9-B51E-BB3CA3C3D847}.Debug|iPhoneSimulator.ActiveCfg = Debug|Any CPU
		{1494FE86-7AE5-40A9-B51E-BB3CA3C3D847}.Debug|iPhoneSimulator.Build.0 = Debug|Any CPU
		{1494FE86-7AE5-40A9-B51E-BB3CA3C3D847}.Debug|iPhoneSimulator.Deploy.0 = Debug|Any CPU
		{1494FE86-7AE5-40A9-B51E-BB3CA3C3D847}.Debug|x64.ActiveCfg = Debug|Any CPU
		{1494FE86-7AE5-40A9-B51E-BB3CA3C3D847}.Debug|x64.Build.0 = Debug|Any CPU
		{1494FE86-7AE5-40A9-B51E-BB3CA3C3D847}.Debug|x64.Deploy.0 = Debug|Any CPU
		{1494FE86-7AE5-40A9-B51E-BB3CA3C3D847}.Debug|x86.ActiveCfg = Debug|Any CPU
		{1494FE86-7AE5-40A9-B51E-BB3CA3C3D847}.Debug|x86.Build.0 = Debug|Any CPU
		{1494FE86-7AE5-40A9-B51E-BB3CA3C3D847}.Debug|x86.Deploy.0 = Debug|Any CPU
		{1494FE86-7AE5-40A9-B51E-BB3CA3C3D847}.Release|Any CPU.ActiveCfg = Release|Any CPU
		{1494FE86-7AE5-40A9-B51E-BB3CA3C3D847}.Release|Any CPU.Build.0 = Release|Any CPU
		{1494FE86-7AE5-40A9-B51E-BB3CA3C3D847}.Release|Any CPU.Deploy.0 = Release|Any CPU
		{1494FE86-7AE5-40A9-B51E-BB3CA3C3D847}.Release|ARM.ActiveCfg = Release|Any CPU
		{1494FE86-7AE5-40A9-B51E-BB3CA3C3D847}.Release|ARM.Build.0 = Release|Any CPU
		{1494FE86-7AE5-40A9-B51E-BB3CA3C3D847}.Release|ARM.Deploy.0 = Release|Any CPU
		{1494FE86-7AE5-40A9-B51E-BB3CA3C3D847}.Release|ARM64.ActiveCfg = Release|Any CPU
		{1494FE86-7AE5-40A9-B51E-BB3CA3C3D847}.Release|ARM64.Build.0 = Release|Any CPU
		{1494FE86-7AE5-40A9-B51E-BB3CA3C3D847}.Release|ARM64.Deploy.0 = Release|Any CPU
		{1494FE86-7AE5-40A9-B51E-BB3CA3C3D847}.Release|iPhone.ActiveCfg = Release|Any CPU
		{1494FE86-7AE5-40A9-B51E-BB3CA3C3D847}.Release|iPhone.Build.0 = Release|Any CPU
		{1494FE86-7AE5-40A9-B51E-BB3CA3C3D847}.Release|iPhone.Deploy.0 = Release|Any CPU
		{1494FE86-7AE5-40A9-B51E-BB3CA3C3D847}.Release|iPhoneSimulator.ActiveCfg = Release|Any CPU
		{1494FE86-7AE5-40A9-B51E-BB3CA3C3D847}.Release|iPhoneSimulator.Build.0 = Release|Any CPU
		{1494FE86-7AE5-40A9-B51E-BB3CA3C3D847}.Release|iPhoneSimulator.Deploy.0 = Release|Any CPU
		{1494FE86-7AE5-40A9-B51E-BB3CA3C3D847}.Release|x64.ActiveCfg = Release|Any CPU
		{1494FE86-7AE5-40A9-B51E-BB3CA3C3D847}.Release|x64.Build.0 = Release|Any CPU
		{1494FE86-7AE5-40A9-B51E-BB3CA3C3D847}.Release|x64.Deploy.0 = Release|Any CPU
		{1494FE86-7AE5-40A9-B51E-BB3CA3C3D847}.Release|x86.ActiveCfg = Release|Any CPU
		{1494FE86-7AE5-40A9-B51E-BB3CA3C3D847}.Release|x86.Build.0 = Release|Any CPU
		{1494FE86-7AE5-40A9-B51E-BB3CA3C3D847}.Release|x86.Deploy.0 = Release|Any CPU
		{357C64AC-1E35-4691-823D-CCDBB7534FEE}.Ad-Hoc|Any CPU.ActiveCfg = Ad-Hoc|iPhoneSimulator
		{357C64AC-1E35-4691-823D-CCDBB7534FEE}.Ad-Hoc|ARM.ActiveCfg = Ad-Hoc|iPhoneSimulator
		{357C64AC-1E35-4691-823D-CCDBB7534FEE}.Ad-Hoc|ARM64.ActiveCfg = Ad-Hoc|iPhoneSimulator
		{357C64AC-1E35-4691-823D-CCDBB7534FEE}.Ad-Hoc|iPhone.ActiveCfg = Ad-Hoc|iPhone
		{357C64AC-1E35-4691-823D-CCDBB7534FEE}.Ad-Hoc|iPhone.Build.0 = Ad-Hoc|iPhone
		{357C64AC-1E35-4691-823D-CCDBB7534FEE}.Ad-Hoc|iPhoneSimulator.ActiveCfg = Ad-Hoc|iPhoneSimulator
		{357C64AC-1E35-4691-823D-CCDBB7534FEE}.Ad-Hoc|iPhoneSimulator.Build.0 = Ad-Hoc|iPhoneSimulator
		{357C64AC-1E35-4691-823D-CCDBB7534FEE}.Ad-Hoc|x64.ActiveCfg = Ad-Hoc|iPhoneSimulator
		{357C64AC-1E35-4691-823D-CCDBB7534FEE}.Ad-Hoc|x86.ActiveCfg = Ad-Hoc|iPhoneSimulator
		{357C64AC-1E35-4691-823D-CCDBB7534FEE}.AppStore|Any CPU.ActiveCfg = AppStore|iPhoneSimulator
		{357C64AC-1E35-4691-823D-CCDBB7534FEE}.AppStore|ARM.ActiveCfg = AppStore|iPhoneSimulator
		{357C64AC-1E35-4691-823D-CCDBB7534FEE}.AppStore|ARM64.ActiveCfg = AppStore|iPhoneSimulator
		{357C64AC-1E35-4691-823D-CCDBB7534FEE}.AppStore|iPhone.ActiveCfg = AppStore|iPhone
		{357C64AC-1E35-4691-823D-CCDBB7534FEE}.AppStore|iPhone.Build.0 = AppStore|iPhone
		{357C64AC-1E35-4691-823D-CCDBB7534FEE}.AppStore|iPhoneSimulator.ActiveCfg = AppStore|iPhoneSimulator
		{357C64AC-1E35-4691-823D-CCDBB7534FEE}.AppStore|iPhoneSimulator.Build.0 = AppStore|iPhoneSimulator
		{357C64AC-1E35-4691-823D-CCDBB7534FEE}.AppStore|x64.ActiveCfg = AppStore|iPhoneSimulator
		{357C64AC-1E35-4691-823D-CCDBB7534FEE}.AppStore|x86.ActiveCfg = AppStore|iPhoneSimulator
		{357C64AC-1E35-4691-823D-CCDBB7534FEE}.Debug|Any CPU.ActiveCfg = Debug|iPhoneSimulator
		{357C64AC-1E35-4691-823D-CCDBB7534FEE}.Debug|ARM.ActiveCfg = Debug|iPhoneSimulator
		{357C64AC-1E35-4691-823D-CCDBB7534FEE}.Debug|ARM64.ActiveCfg = Debug|iPhoneSimulator
		{357C64AC-1E35-4691-823D-CCDBB7534FEE}.Debug|iPhone.ActiveCfg = Debug|iPhone
		{357C64AC-1E35-4691-823D-CCDBB7534FEE}.Debug|iPhone.Build.0 = Debug|iPhone
		{357C64AC-1E35-4691-823D-CCDBB7534FEE}.Debug|iPhoneSimulator.ActiveCfg = Debug|iPhoneSimulator
		{357C64AC-1E35-4691-823D-CCDBB7534FEE}.Debug|iPhoneSimulator.Build.0 = Debug|iPhoneSimulator
		{357C64AC-1E35-4691-823D-CCDBB7534FEE}.Debug|x64.ActiveCfg = Debug|iPhoneSimulator
		{357C64AC-1E35-4691-823D-CCDBB7534FEE}.Debug|x86.ActiveCfg = Debug|iPhoneSimulator
		{357C64AC-1E35-4691-823D-CCDBB7534FEE}.Release|Any CPU.ActiveCfg = Release|iPhoneSimulator
		{357C64AC-1E35-4691-823D-CCDBB7534FEE}.Release|ARM.ActiveCfg = Release|iPhoneSimulator
		{357C64AC-1E35-4691-823D-CCDBB7534FEE}.Release|ARM64.ActiveCfg = Release|iPhoneSimulator
		{357C64AC-1E35-4691-823D-CCDBB7534FEE}.Release|iPhone.ActiveCfg = Release|iPhone
		{357C64AC-1E35-4691-823D-CCDBB7534FEE}.Release|iPhone.Build.0 = Release|iPhone
		{357C64AC-1E35-4691-823D-CCDBB7534FEE}.Release|iPhoneSimulator.ActiveCfg = Release|iPhoneSimulator
		{357C64AC-1E35-4691-823D-CCDBB7534FEE}.Release|iPhoneSimulator.Build.0 = Release|iPhoneSimulator
		{357C64AC-1E35-4691-823D-CCDBB7534FEE}.Release|x64.ActiveCfg = Release|iPhoneSimulator
		{357C64AC-1E35-4691-823D-CCDBB7534FEE}.Release|x86.ActiveCfg = Release|iPhoneSimulator
		{23C2F389-B1A6-4F75-B5FE-6C4FAB5894F7}.Ad-Hoc|Any CPU.ActiveCfg = Debug|x86
		{23C2F389-B1A6-4F75-B5FE-6C4FAB5894F7}.Ad-Hoc|Any CPU.Build.0 = Debug|x86
		{23C2F389-B1A6-4F75-B5FE-6C4FAB5894F7}.Ad-Hoc|Any CPU.Deploy.0 = Debug|x86
		{23C2F389-B1A6-4F75-B5FE-6C4FAB5894F7}.Ad-Hoc|ARM.ActiveCfg = Debug|ARM
		{23C2F389-B1A6-4F75-B5FE-6C4FAB5894F7}.Ad-Hoc|ARM.Build.0 = Debug|ARM
		{23C2F389-B1A6-4F75-B5FE-6C4FAB5894F7}.Ad-Hoc|ARM.Deploy.0 = Debug|ARM
		{23C2F389-B1A6-4F75-B5FE-6C4FAB5894F7}.Ad-Hoc|ARM64.ActiveCfg = Debug|ARM64
		{23C2F389-B1A6-4F75-B5FE-6C4FAB5894F7}.Ad-Hoc|ARM64.Build.0 = Debug|ARM64
		{23C2F389-B1A6-4F75-B5FE-6C4FAB5894F7}.Ad-Hoc|ARM64.Deploy.0 = Debug|ARM64
		{23C2F389-B1A6-4F75-B5FE-6C4FAB5894F7}.Ad-Hoc|iPhone.ActiveCfg = Debug|x86
		{23C2F389-B1A6-4F75-B5FE-6C4FAB5894F7}.Ad-Hoc|iPhone.Build.0 = Debug|x86
		{23C2F389-B1A6-4F75-B5FE-6C4FAB5894F7}.Ad-Hoc|iPhone.Deploy.0 = Debug|x86
		{23C2F389-B1A6-4F75-B5FE-6C4FAB5894F7}.Ad-Hoc|iPhoneSimulator.ActiveCfg = Debug|x86
		{23C2F389-B1A6-4F75-B5FE-6C4FAB5894F7}.Ad-Hoc|iPhoneSimulator.Build.0 = Debug|x86
		{23C2F389-B1A6-4F75-B5FE-6C4FAB5894F7}.Ad-Hoc|iPhoneSimulator.Deploy.0 = Debug|x86
		{23C2F389-B1A6-4F75-B5FE-6C4FAB5894F7}.Ad-Hoc|x64.ActiveCfg = Debug|x64
		{23C2F389-B1A6-4F75-B5FE-6C4FAB5894F7}.Ad-Hoc|x64.Build.0 = Debug|x64
		{23C2F389-B1A6-4F75-B5FE-6C4FAB5894F7}.Ad-Hoc|x64.Deploy.0 = Debug|x64
		{23C2F389-B1A6-4F75-B5FE-6C4FAB5894F7}.Ad-Hoc|x86.ActiveCfg = Debug|x86
		{23C2F389-B1A6-4F75-B5FE-6C4FAB5894F7}.Ad-Hoc|x86.Build.0 = Debug|x86
		{23C2F389-B1A6-4F75-B5FE-6C4FAB5894F7}.Ad-Hoc|x86.Deploy.0 = Debug|x86
		{23C2F389-B1A6-4F75-B5FE-6C4FAB5894F7}.AppStore|Any CPU.ActiveCfg = Debug|x86
		{23C2F389-B1A6-4F75-B5FE-6C4FAB5894F7}.AppStore|Any CPU.Build.0 = Debug|x86
		{23C2F389-B1A6-4F75-B5FE-6C4FAB5894F7}.AppStore|Any CPU.Deploy.0 = Debug|x86
		{23C2F389-B1A6-4F75-B5FE-6C4FAB5894F7}.AppStore|ARM.ActiveCfg = Debug|ARM
		{23C2F389-B1A6-4F75-B5FE-6C4FAB5894F7}.AppStore|ARM.Build.0 = Debug|ARM
		{23C2F389-B1A6-4F75-B5FE-6C4FAB5894F7}.AppStore|ARM.Deploy.0 = Debug|ARM
		{23C2F389-B1A6-4F75-B5FE-6C4FAB5894F7}.AppStore|ARM64.ActiveCfg = Debug|ARM64
		{23C2F389-B1A6-4F75-B5FE-6C4FAB5894F7}.AppStore|ARM64.Build.0 = Debug|ARM64
		{23C2F389-B1A6-4F75-B5FE-6C4FAB5894F7}.AppStore|ARM64.Deploy.0 = Debug|ARM64
		{23C2F389-B1A6-4F75-B5FE-6C4FAB5894F7}.AppStore|iPhone.ActiveCfg = Debug|x86
		{23C2F389-B1A6-4F75-B5FE-6C4FAB5894F7}.AppStore|iPhone.Build.0 = Debug|x86
		{23C2F389-B1A6-4F75-B5FE-6C4FAB5894F7}.AppStore|iPhone.Deploy.0 = Debug|x86
		{23C2F389-B1A6-4F75-B5FE-6C4FAB5894F7}.AppStore|iPhoneSimulator.ActiveCfg = Debug|x86
		{23C2F389-B1A6-4F75-B5FE-6C4FAB5894F7}.AppStore|iPhoneSimulator.Build.0 = Debug|x86
		{23C2F389-B1A6-4F75-B5FE-6C4FAB5894F7}.AppStore|iPhoneSimulator.Deploy.0 = Debug|x86
		{23C2F389-B1A6-4F75-B5FE-6C4FAB5894F7}.AppStore|x64.ActiveCfg = Debug|x64
		{23C2F389-B1A6-4F75-B5FE-6C4FAB5894F7}.AppStore|x64.Build.0 = Debug|x64
		{23C2F389-B1A6-4F75-B5FE-6C4FAB5894F7}.AppStore|x64.Deploy.0 = Debug|x64
		{23C2F389-B1A6-4F75-B5FE-6C4FAB5894F7}.AppStore|x86.ActiveCfg = Debug|x86
		{23C2F389-B1A6-4F75-B5FE-6C4FAB5894F7}.AppStore|x86.Build.0 = Debug|x86
		{23C2F389-B1A6-4F75-B5FE-6C4FAB5894F7}.AppStore|x86.Deploy.0 = Debug|x86
		{23C2F389-B1A6-4F75-B5FE-6C4FAB5894F7}.Debug|Any CPU.ActiveCfg = Debug|x86
		{23C2F389-B1A6-4F75-B5FE-6C4FAB5894F7}.Debug|Any CPU.Build.0 = Debug|x86
		{23C2F389-B1A6-4F75-B5FE-6C4FAB5894F7}.Debug|Any CPU.Deploy.0 = Debug|x86
		{23C2F389-B1A6-4F75-B5FE-6C4FAB5894F7}.Debug|ARM.ActiveCfg = Debug|ARM
		{23C2F389-B1A6-4F75-B5FE-6C4FAB5894F7}.Debug|ARM.Build.0 = Debug|ARM
		{23C2F389-B1A6-4F75-B5FE-6C4FAB5894F7}.Debug|ARM.Deploy.0 = Debug|ARM
		{23C2F389-B1A6-4F75-B5FE-6C4FAB5894F7}.Debug|ARM64.ActiveCfg = Debug|ARM64
		{23C2F389-B1A6-4F75-B5FE-6C4FAB5894F7}.Debug|ARM64.Build.0 = Debug|ARM64
		{23C2F389-B1A6-4F75-B5FE-6C4FAB5894F7}.Debug|ARM64.Deploy.0 = Debug|ARM64
		{23C2F389-B1A6-4F75-B5FE-6C4FAB5894F7}.Debug|iPhone.ActiveCfg = Debug|x86
		{23C2F389-B1A6-4F75-B5FE-6C4FAB5894F7}.Debug|iPhoneSimulator.ActiveCfg = Debug|x86
		{23C2F389-B1A6-4F75-B5FE-6C4FAB5894F7}.Debug|x64.ActiveCfg = Debug|x64
		{23C2F389-B1A6-4F75-B5FE-6C4FAB5894F7}.Debug|x64.Build.0 = Debug|x64
		{23C2F389-B1A6-4F75-B5FE-6C4FAB5894F7}.Debug|x64.Deploy.0 = Debug|x64
		{23C2F389-B1A6-4F75-B5FE-6C4FAB5894F7}.Debug|x86.ActiveCfg = Debug|x86
		{23C2F389-B1A6-4F75-B5FE-6C4FAB5894F7}.Debug|x86.Build.0 = Debug|x86
		{23C2F389-B1A6-4F75-B5FE-6C4FAB5894F7}.Debug|x86.Deploy.0 = Debug|x86
		{23C2F389-B1A6-4F75-B5FE-6C4FAB5894F7}.Release|Any CPU.ActiveCfg = Release|x86
		{23C2F389-B1A6-4F75-B5FE-6C4FAB5894F7}.Release|ARM.ActiveCfg = Release|ARM
		{23C2F389-B1A6-4F75-B5FE-6C4FAB5894F7}.Release|ARM.Build.0 = Release|ARM
		{23C2F389-B1A6-4F75-B5FE-6C4FAB5894F7}.Release|ARM.Deploy.0 = Release|ARM
		{23C2F389-B1A6-4F75-B5FE-6C4FAB5894F7}.Release|ARM64.ActiveCfg = Release|ARM64
		{23C2F389-B1A6-4F75-B5FE-6C4FAB5894F7}.Release|ARM64.Build.0 = Release|ARM64
		{23C2F389-B1A6-4F75-B5FE-6C4FAB5894F7}.Release|ARM64.Deploy.0 = Release|ARM64
		{23C2F389-B1A6-4F75-B5FE-6C4FAB5894F7}.Release|iPhone.ActiveCfg = Release|x86
		{23C2F389-B1A6-4F75-B5FE-6C4FAB5894F7}.Release|iPhoneSimulator.ActiveCfg = Release|x86
		{23C2F389-B1A6-4F75-B5FE-6C4FAB5894F7}.Release|x64.ActiveCfg = Release|x64
		{23C2F389-B1A6-4F75-B5FE-6C4FAB5894F7}.Release|x64.Build.0 = Release|x64
		{23C2F389-B1A6-4F75-B5FE-6C4FAB5894F7}.Release|x64.Deploy.0 = Release|x64
		{23C2F389-B1A6-4F75-B5FE-6C4FAB5894F7}.Release|x86.ActiveCfg = Release|x86
		{23C2F389-B1A6-4F75-B5FE-6C4FAB5894F7}.Release|x86.Build.0 = Release|x86
		{23C2F389-B1A6-4F75-B5FE-6C4FAB5894F7}.Release|x86.Deploy.0 = Release|x86
		{5DDF9C3A-DE47-4A0C-AB59-D9C7C4A815D5}.Ad-Hoc|Any CPU.ActiveCfg = Release|Any CPU
		{5DDF9C3A-DE47-4A0C-AB59-D9C7C4A815D5}.Ad-Hoc|Any CPU.Build.0 = Release|Any CPU
		{5DDF9C3A-DE47-4A0C-AB59-D9C7C4A815D5}.Ad-Hoc|ARM.ActiveCfg = Release|Any CPU
		{5DDF9C3A-DE47-4A0C-AB59-D9C7C4A815D5}.Ad-Hoc|ARM.Build.0 = Release|Any CPU
		{5DDF9C3A-DE47-4A0C-AB59-D9C7C4A815D5}.Ad-Hoc|ARM64.ActiveCfg = Release|Any CPU
		{5DDF9C3A-DE47-4A0C-AB59-D9C7C4A815D5}.Ad-Hoc|ARM64.Build.0 = Release|Any CPU
		{5DDF9C3A-DE47-4A0C-AB59-D9C7C4A815D5}.Ad-Hoc|iPhone.ActiveCfg = Release|Any CPU
		{5DDF9C3A-DE47-4A0C-AB59-D9C7C4A815D5}.Ad-Hoc|iPhone.Build.0 = Release|Any CPU
		{5DDF9C3A-DE47-4A0C-AB59-D9C7C4A815D5}.Ad-Hoc|iPhoneSimulator.ActiveCfg = Release|Any CPU
		{5DDF9C3A-DE47-4A0C-AB59-D9C7C4A815D5}.Ad-Hoc|iPhoneSimulator.Build.0 = Release|Any CPU
		{5DDF9C3A-DE47-4A0C-AB59-D9C7C4A815D5}.Ad-Hoc|x64.ActiveCfg = Release|Any CPU
		{5DDF9C3A-DE47-4A0C-AB59-D9C7C4A815D5}.Ad-Hoc|x64.Build.0 = Release|Any CPU
		{5DDF9C3A-DE47-4A0C-AB59-D9C7C4A815D5}.Ad-Hoc|x86.ActiveCfg = Release|Any CPU
		{5DDF9C3A-DE47-4A0C-AB59-D9C7C4A815D5}.Ad-Hoc|x86.Build.0 = Release|Any CPU
		{5DDF9C3A-DE47-4A0C-AB59-D9C7C4A815D5}.AppStore|Any CPU.ActiveCfg = Release|Any CPU
		{5DDF9C3A-DE47-4A0C-AB59-D9C7C4A815D5}.AppStore|Any CPU.Build.0 = Release|Any CPU
		{5DDF9C3A-DE47-4A0C-AB59-D9C7C4A815D5}.AppStore|ARM.ActiveCfg = Release|Any CPU
		{5DDF9C3A-DE47-4A0C-AB59-D9C7C4A815D5}.AppStore|ARM.Build.0 = Release|Any CPU
		{5DDF9C3A-DE47-4A0C-AB59-D9C7C4A815D5}.AppStore|ARM64.ActiveCfg = Release|Any CPU
		{5DDF9C3A-DE47-4A0C-AB59-D9C7C4A815D5}.AppStore|ARM64.Build.0 = Release|Any CPU
		{5DDF9C3A-DE47-4A0C-AB59-D9C7C4A815D5}.AppStore|iPhone.ActiveCfg = Release|Any CPU
		{5DDF9C3A-DE47-4A0C-AB59-D9C7C4A815D5}.AppStore|iPhone.Build.0 = Release|Any CPU
		{5DDF9C3A-DE47-4A0C-AB59-D9C7C4A815D5}.AppStore|iPhoneSimulator.ActiveCfg = Release|Any CPU
		{5DDF9C3A-DE47-4A0C-AB59-D9C7C4A815D5}.AppStore|iPhoneSimulator.Build.0 = Release|Any CPU
		{5DDF9C3A-DE47-4A0C-AB59-D9C7C4A815D5}.AppStore|x64.ActiveCfg = Release|Any CPU
		{5DDF9C3A-DE47-4A0C-AB59-D9C7C4A815D5}.AppStore|x64.Build.0 = Release|Any CPU
		{5DDF9C3A-DE47-4A0C-AB59-D9C7C4A815D5}.AppStore|x86.ActiveCfg = Release|Any CPU
		{5DDF9C3A-DE47-4A0C-AB59-D9C7C4A815D5}.AppStore|x86.Build.0 = Release|Any CPU
		{5DDF9C3A-DE47-4A0C-AB59-D9C7C4A815D5}.Debug|Any CPU.ActiveCfg = Debug|Any CPU
		{5DDF9C3A-DE47-4A0C-AB59-D9C7C4A815D5}.Debug|Any CPU.Build.0 = Debug|Any CPU
		{5DDF9C3A-DE47-4A0C-AB59-D9C7C4A815D5}.Debug|ARM.ActiveCfg = Debug|Any CPU
		{5DDF9C3A-DE47-4A0C-AB59-D9C7C4A815D5}.Debug|ARM.Build.0 = Debug|Any CPU
		{5DDF9C3A-DE47-4A0C-AB59-D9C7C4A815D5}.Debug|ARM64.ActiveCfg = Debug|Any CPU
		{5DDF9C3A-DE47-4A0C-AB59-D9C7C4A815D5}.Debug|ARM64.Build.0 = Debug|Any CPU
		{5DDF9C3A-DE47-4A0C-AB59-D9C7C4A815D5}.Debug|iPhone.ActiveCfg = Debug|Any CPU
		{5DDF9C3A-DE47-4A0C-AB59-D9C7C4A815D5}.Debug|iPhone.Build.0 = Debug|Any CPU
		{5DDF9C3A-DE47-4A0C-AB59-D9C7C4A815D5}.Debug|iPhoneSimulator.ActiveCfg = Debug|Any CPU
		{5DDF9C3A-DE47-4A0C-AB59-D9C7C4A815D5}.Debug|iPhoneSimulator.Build.0 = Debug|Any CPU
		{5DDF9C3A-DE47-4A0C-AB59-D9C7C4A815D5}.Debug|x64.ActiveCfg = Debug|Any CPU
		{5DDF9C3A-DE47-4A0C-AB59-D9C7C4A815D5}.Debug|x64.Build.0 = Debug|Any CPU
		{5DDF9C3A-DE47-4A0C-AB59-D9C7C4A815D5}.Debug|x86.ActiveCfg = Debug|Any CPU
		{5DDF9C3A-DE47-4A0C-AB59-D9C7C4A815D5}.Debug|x86.Build.0 = Debug|Any CPU
		{5DDF9C3A-DE47-4A0C-AB59-D9C7C4A815D5}.Release|Any CPU.ActiveCfg = Release|Any CPU
		{5DDF9C3A-DE47-4A0C-AB59-D9C7C4A815D5}.Release|Any CPU.Build.0 = Release|Any CPU
		{5DDF9C3A-DE47-4A0C-AB59-D9C7C4A815D5}.Release|ARM.ActiveCfg = Release|Any CPU
		{5DDF9C3A-DE47-4A0C-AB59-D9C7C4A815D5}.Release|ARM.Build.0 = Release|Any CPU
		{5DDF9C3A-DE47-4A0C-AB59-D9C7C4A815D5}.Release|ARM64.ActiveCfg = Release|Any CPU
		{5DDF9C3A-DE47-4A0C-AB59-D9C7C4A815D5}.Release|ARM64.Build.0 = Release|Any CPU
		{5DDF9C3A-DE47-4A0C-AB59-D9C7C4A815D5}.Release|iPhone.ActiveCfg = Release|Any CPU
		{5DDF9C3A-DE47-4A0C-AB59-D9C7C4A815D5}.Release|iPhone.Build.0 = Release|Any CPU
		{5DDF9C3A-DE47-4A0C-AB59-D9C7C4A815D5}.Release|iPhoneSimulator.ActiveCfg = Release|Any CPU
		{5DDF9C3A-DE47-4A0C-AB59-D9C7C4A815D5}.Release|iPhoneSimulator.Build.0 = Release|Any CPU
		{5DDF9C3A-DE47-4A0C-AB59-D9C7C4A815D5}.Release|x64.ActiveCfg = Release|Any CPU
		{5DDF9C3A-DE47-4A0C-AB59-D9C7C4A815D5}.Release|x64.Build.0 = Release|Any CPU
		{5DDF9C3A-DE47-4A0C-AB59-D9C7C4A815D5}.Release|x86.ActiveCfg = Release|Any CPU
		{5DDF9C3A-DE47-4A0C-AB59-D9C7C4A815D5}.Release|x86.Build.0 = Release|Any CPU
		{74FD8266-6542-4DF1-84B3-4049CCA2A513}.Ad-Hoc|Any CPU.ActiveCfg = Debug|iPhoneSimulator
		{74FD8266-6542-4DF1-84B3-4049CCA2A513}.Ad-Hoc|Any CPU.Build.0 = Debug|iPhoneSimulator
		{74FD8266-6542-4DF1-84B3-4049CCA2A513}.Ad-Hoc|ARM.ActiveCfg = Debug|iPhoneSimulator
		{74FD8266-6542-4DF1-84B3-4049CCA2A513}.Ad-Hoc|ARM.Build.0 = Debug|iPhoneSimulator
		{74FD8266-6542-4DF1-84B3-4049CCA2A513}.Ad-Hoc|ARM64.ActiveCfg = Debug|iPhoneSimulator
		{74FD8266-6542-4DF1-84B3-4049CCA2A513}.Ad-Hoc|ARM64.Build.0 = Debug|iPhoneSimulator
		{74FD8266-6542-4DF1-84B3-4049CCA2A513}.Ad-Hoc|iPhone.ActiveCfg = Debug|iPhoneSimulator
		{74FD8266-6542-4DF1-84B3-4049CCA2A513}.Ad-Hoc|iPhone.Build.0 = Debug|iPhoneSimulator
		{74FD8266-6542-4DF1-84B3-4049CCA2A513}.Ad-Hoc|iPhoneSimulator.ActiveCfg = Debug|iPhoneSimulator
		{74FD8266-6542-4DF1-84B3-4049CCA2A513}.Ad-Hoc|iPhoneSimulator.Build.0 = Debug|iPhoneSimulator
		{74FD8266-6542-4DF1-84B3-4049CCA2A513}.Ad-Hoc|x64.ActiveCfg = Debug|iPhoneSimulator
		{74FD8266-6542-4DF1-84B3-4049CCA2A513}.Ad-Hoc|x64.Build.0 = Debug|iPhoneSimulator
		{74FD8266-6542-4DF1-84B3-4049CCA2A513}.Ad-Hoc|x86.ActiveCfg = Debug|iPhoneSimulator
		{74FD8266-6542-4DF1-84B3-4049CCA2A513}.Ad-Hoc|x86.Build.0 = Debug|iPhoneSimulator
		{74FD8266-6542-4DF1-84B3-4049CCA2A513}.AppStore|Any CPU.ActiveCfg = Debug|iPhoneSimulator
		{74FD8266-6542-4DF1-84B3-4049CCA2A513}.AppStore|Any CPU.Build.0 = Debug|iPhoneSimulator
		{74FD8266-6542-4DF1-84B3-4049CCA2A513}.AppStore|ARM.ActiveCfg = Debug|iPhoneSimulator
		{74FD8266-6542-4DF1-84B3-4049CCA2A513}.AppStore|ARM.Build.0 = Debug|iPhoneSimulator
		{74FD8266-6542-4DF1-84B3-4049CCA2A513}.AppStore|ARM64.ActiveCfg = Debug|iPhoneSimulator
		{74FD8266-6542-4DF1-84B3-4049CCA2A513}.AppStore|ARM64.Build.0 = Debug|iPhoneSimulator
		{74FD8266-6542-4DF1-84B3-4049CCA2A513}.AppStore|iPhone.ActiveCfg = Debug|iPhoneSimulator
		{74FD8266-6542-4DF1-84B3-4049CCA2A513}.AppStore|iPhone.Build.0 = Debug|iPhoneSimulator
		{74FD8266-6542-4DF1-84B3-4049CCA2A513}.AppStore|iPhoneSimulator.ActiveCfg = Debug|iPhoneSimulator
		{74FD8266-6542-4DF1-84B3-4049CCA2A513}.AppStore|iPhoneSimulator.Build.0 = Debug|iPhoneSimulator
		{74FD8266-6542-4DF1-84B3-4049CCA2A513}.AppStore|x64.ActiveCfg = Debug|iPhoneSimulator
		{74FD8266-6542-4DF1-84B3-4049CCA2A513}.AppStore|x64.Build.0 = Debug|iPhoneSimulator
		{74FD8266-6542-4DF1-84B3-4049CCA2A513}.AppStore|x86.ActiveCfg = Debug|iPhoneSimulator
		{74FD8266-6542-4DF1-84B3-4049CCA2A513}.AppStore|x86.Build.0 = Debug|iPhoneSimulator
		{74FD8266-6542-4DF1-84B3-4049CCA2A513}.Debug|Any CPU.ActiveCfg = Debug|iPhoneSimulator
		{74FD8266-6542-4DF1-84B3-4049CCA2A513}.Debug|ARM.ActiveCfg = Debug|iPhoneSimulator
		{74FD8266-6542-4DF1-84B3-4049CCA2A513}.Debug|ARM64.ActiveCfg = Debug|iPhoneSimulator
		{74FD8266-6542-4DF1-84B3-4049CCA2A513}.Debug|iPhone.ActiveCfg = Debug|iPhoneSimulator
		{74FD8266-6542-4DF1-84B3-4049CCA2A513}.Debug|iPhoneSimulator.ActiveCfg = Debug|iPhoneSimulator
		{74FD8266-6542-4DF1-84B3-4049CCA2A513}.Debug|iPhoneSimulator.Build.0 = Debug|iPhoneSimulator
		{74FD8266-6542-4DF1-84B3-4049CCA2A513}.Debug|x64.ActiveCfg = Debug|iPhoneSimulator
		{74FD8266-6542-4DF1-84B3-4049CCA2A513}.Debug|x86.ActiveCfg = Debug|iPhoneSimulator
		{74FD8266-6542-4DF1-84B3-4049CCA2A513}.Release|Any CPU.ActiveCfg = Release|iPhoneSimulator
		{74FD8266-6542-4DF1-84B3-4049CCA2A513}.Release|ARM.ActiveCfg = Release|iPhoneSimulator
		{74FD8266-6542-4DF1-84B3-4049CCA2A513}.Release|ARM64.ActiveCfg = Release|iPhoneSimulator
		{74FD8266-6542-4DF1-84B3-4049CCA2A513}.Release|iPhone.ActiveCfg = Release|iPhoneSimulator
		{74FD8266-6542-4DF1-84B3-4049CCA2A513}.Release|iPhoneSimulator.ActiveCfg = Release|iPhoneSimulator
		{74FD8266-6542-4DF1-84B3-4049CCA2A513}.Release|iPhoneSimulator.Build.0 = Release|iPhoneSimulator
		{74FD8266-6542-4DF1-84B3-4049CCA2A513}.Release|x64.ActiveCfg = Release|iPhoneSimulator
		{74FD8266-6542-4DF1-84B3-4049CCA2A513}.Release|x86.ActiveCfg = Release|iPhoneSimulator
	EndGlobalSection
	GlobalSection(SolutionProperties) = preSolution
		HideSolutionNode = FALSE
	EndGlobalSection
	GlobalSection(ExtensibilityGlobals) = postSolution
		SolutionGuid = {93D67794-1C44-44C1-8E75-1957639DF807}
	EndGlobalSection
EndGlobal
